PODS:
  - AFNetworking (2.6.1):
    - AFNetworking/NSURLConnection (= 2.6.1)
    - AFNetworking/NSURLSession (= 2.6.1)
    - AFNetworking/Reachability (= 2.6.1)
    - AFNetworking/Security (= 2.6.1)
    - AFNetworking/Serialization (= 2.6.1)
    - AFNetworking/UIKit (= 2.6.1)
  - AFNetworking/NSURLConnection (2.6.1):
    - AFNetworking/Reachability
    - AFNetworking/Security
    - AFNetworking/Serialization
  - AFNetworking/NSURLSession (2.6.1):
    - AFNetworking/Reachability
    - AFNetworking/Security
    - AFNetworking/Serialization
  - AFNetworking/Reachability (2.6.1)
  - AFNetworking/Security (2.6.1)
  - AFNetworking/Serialization (2.6.1)
  - AFNetworking/UIKit (2.6.1):
    - AFNetworking/NSURLConnection
    - AFNetworking/NSURLSession
  - ALCameraViewController (1.0.8)
  - Bolts (1.3.0):
    - Bolts/AppLinks (= 1.3.0)
    - Bolts/Tasks (= 1.3.0)
  - Bolts/AppLinks (1.3.0):
    - Bolts/Tasks
  - Bolts/Tasks (1.3.0)
  - BTNavigationDropdownMenu (0.1.8)
  - Dodo (2.0.11)
  - DynamicColor (2.0.0)
  - Eureka (1.1.0)
  - FBSDKCoreKit (4.7.0):
    - Bolts (~> 1.1)
    - FBSDKCoreKit/arc (= 4.7.0)
    - FBSDKCoreKit/no-arc (= 4.7.0)
  - FBSDKCoreKit/arc (4.7.0):
    - Bolts (~> 1.1)
  - FBSDKCoreKit/no-arc (4.7.0):
    - Bolts (~> 1.1)
    - FBSDKCoreKit/arc
  - FBSDKLoginKit (4.7.0.1):
    - FBSDKCoreKit
  - InstagramKit (3.6.9):
    - AFNetworking (~> 2.0)
    - InstagramKit/Exclude-UICKeyChainStore (= 3.6.9)
  - InstagramKit/Exclude-UICKeyChainStore (3.6.9):
    - AFNetworking (~> 2.0)
  - Parse (1.9.0):
    - Bolts/Tasks (>= 1.3.0)
  - ParseFacebookUtilsV4 (1.9.0):
    - Bolts/Tasks (>= 1.3.0)
    - FBSDKCoreKit (~> 4.7)
    - FBSDKLoginKit (~> 4.7)
    - Parse (~> 1.9)
  - ParseUI (1.1.6):
    - Bolts/Tasks (~> 1.2)
    - Parse (~> 1.8)
  - SlideMenuControllerSwift (2.0.0)
  - TagListView (0.3.1)
  - Timepiece (0.4.2)

DEPENDENCIES:
  - ALCameraViewController
  - BTNavigationDropdownMenu
  - Dodo
  - DynamicColor
  - Eureka
  - FBSDKCoreKit
  - FBSDKLoginKit
  - InstagramKit
  - Parse
  - ParseFacebookUtilsV4
  - ParseUI
  - SlideMenuControllerSwift
  - TagListView
  - Timepiece

SPEC CHECKSUMS:
  AFNetworking: 8e4e60500beb8bec644cf575beee72990a76d399
  ALCameraViewController: fbaed8a35a9272b419ec10004231da356d75bcaa
  Bolts: 805a4a87413e49d4a0c2b7d469084cbc46b09342
  BTNavigationDropdownMenu: 23403214197d8fb208dd0ad996e3d236748473c9
  Dodo: fe9b894c3e8828f86154c8590d91d7f491160f2d
  DynamicColor: bd4ccde8466ccbf0dd40900aa8be93a5ea482724
  Eureka: 9b198a9f4098a1e75df31dde502105bc0b7e305b
  FBSDKCoreKit: eb580bfc2040ad44f4c0b4f4d0befb1d35bce59c
  FBSDKLoginKit: 028c5a205990441123764609fe795e65027c447f
  InstagramKit: 1f937c5c4b8469fd00a31e235d5e7d3e256ffe5d
  Parse: 712efbc476d4f47b0f96b70db7e53101575753aa
  ParseFacebookUtilsV4: aadebfaaaf4a45bf0a0992863bf48c8fc49189e3
  ParseUI: 8a22e448c03f825203d8c379c80523517f68baa3
  SlideMenuControllerSwift: 85ce7142935a32e26de41aa90fac0cc9f60fb01c
  TagListView: 17ceea2f6a4eac2bb31fe5faa9c0903a2428e64b
  Timepiece: cf53bb908bf542acc0e3d5f69cabfed869df4ebd

COCOAPODS: 0.38.2
